// !$*UTF8*$!
{
	archiveVersion = 1;
	classes = {
	};
	objectVersion = 56;
	objects = {

/* Begin PBXBuildFile section */
		6176E0372A8EFDED00F87272 /* AddingStickerView.swift in Sources */ = {isa = PBXBuildFile; fileRef = 6176E0362A8EFDED00F87272 /* AddingStickerView.swift */; };
		6176E0392A8F049200F87272 /* StickerDetailView.swift in Sources */ = {isa = PBXBuildFile; fileRef = 6176E0382A8F049200F87272 /* StickerDetailView.swift */; };
		6176E03B2A8F092500F87272 /* Reply.swift in Sources */ = {isa = PBXBuildFile; fileRef = 6176E03A2A8F092500F87272 /* Reply.swift */; };
		6176E03D2A8F09CD00F87272 /* ReplyStore.swift in Sources */ = {isa = PBXBuildFile; fileRef = 6176E03C2A8F09CD00F87272 /* ReplyStore.swift */; };
		6178EBE72A8EEF5B00962B5F /* StickersApp.swift in Sources */ = {isa = PBXBuildFile; fileRef = 6178EBE62A8EEF5B00962B5F /* StickersApp.swift */; };
		6178EBE92A8EEF5B00962B5F /* ContentView.swift in Sources */ = {isa = PBXBuildFile; fileRef = 6178EBE82A8EEF5B00962B5F /* ContentView.swift */; };
		6178EBEB2A8EEF5B00962B5F /* Assets.xcassets in Resources */ = {isa = PBXBuildFile; fileRef = 6178EBEA2A8EEF5B00962B5F /* Assets.xcassets */; };
		6178EBEE2A8EEF5B00962B5F /* Preview Assets.xcassets in Resources */ = {isa = PBXBuildFile; fileRef = 6178EBED2A8EEF5B00962B5F /* Preview Assets.xcassets */; };
		6178EBF82A8EEF5C00962B5F /* StickersTests.swift in Sources */ = {isa = PBXBuildFile; fileRef = 6178EBF72A8EEF5C00962B5F /* StickersTests.swift */; };
		6178EC022A8EEF5C00962B5F /* StickersUITests.swift in Sources */ = {isa = PBXBuildFile; fileRef = 6178EC012A8EEF5C00962B5F /* StickersUITests.swift */; };
		6178EC042A8EEF5C00962B5F /* StickersUITestsLaunchTests.swift in Sources */ = {isa = PBXBuildFile; fileRef = 6178EC032A8EEF5C00962B5F /* StickersUITestsLaunchTests.swift */; };
		6178EC112A8EEFCB00962B5F /* GoogleService-Info.plist in Resources */ = {isa = PBXBuildFile; fileRef = 6178EC102A8EEFCB00962B5F /* GoogleService-Info.plist */; };
		6178EC142A8EF01600962B5F /* FirebaseDatabase in Frameworks */ = {isa = PBXBuildFile; productRef = 6178EC132A8EF01600962B5F /* FirebaseDatabase */; };
		6178EC162A8EF01600962B5F /* FirebaseFirestore in Frameworks */ = {isa = PBXBuildFile; productRef = 6178EC152A8EF01600962B5F /* FirebaseFirestore */; };
		6178EC1C2A8EF1EA00962B5F /* Sticker.swift in Sources */ = {isa = PBXBuildFile; fileRef = 6178EC1B2A8EF1EA00962B5F /* Sticker.swift */; };
		6178EC1E2A8EF40500962B5F /* StickerStore.swift in Sources */ = {isa = PBXBuildFile; fileRef = 6178EC1D2A8EF40500962B5F /* StickerStore.swift */; };
		6178EC202A8EF62000962B5F /* StickerListView.swift in Sources */ = {isa = PBXBuildFile; fileRef = 6178EC1F2A8EF62000962B5F /* StickerListView.swift */; };
		6178EC232A8EF72B00962B5F /* StickerCellView.swift in Sources */ = {isa = PBXBuildFile; fileRef = 6178EC222A8EF72B00962B5F /* StickerCellView.swift */; };
/* End PBXBuildFile section */

/* Begin PBXContainerItemProxy section */
		6178EBF42A8EEF5C00962B5F /* PBXContainerItemProxy */ = {
			isa = PBXContainerItemProxy;
			containerPortal = 6178EBDB2A8EEF5B00962B5F /* Project object */;
			proxyType = 1;
			remoteGlobalIDString = 6178EBE22A8EEF5B00962B5F;
			remoteInfo = Stickers;
		};
		6178EBFE2A8EEF5C00962B5F /* PBXContainerItemProxy */ = {
			isa = PBXContainerItemProxy;
			containerPortal = 6178EBDB2A8EEF5B00962B5F /* Project object */;
			proxyType = 1;
			remoteGlobalIDString = 6178EBE22A8EEF5B00962B5F;
			remoteInfo = Stickers;
		};
/* End PBXContainerItemProxy section */

/* Begin PBXFileReference section */
		6176E0362A8EFDED00F87272 /* AddingStickerView.swift */ = {isa = PBXFileReference; lastKnownFileType = sourcecode.swift; path = AddingStickerView.swift; sourceTree = "<group>"; };
		6176E0382A8F049200F87272 /* StickerDetailView.swift */ = {isa = PBXFileReference; lastKnownFileType = sourcecode.swift; path = StickerDetailView.swift; sourceTree = "<group>"; };
		6176E03A2A8F092500F87272 /* Reply.swift */ = {isa = PBXFileReference; lastKnownFileType = sourcecode.swift; path = Reply.swift; sourceTree = "<group>"; };
		6176E03C2A8F09CD00F87272 /* ReplyStore.swift */ = {isa = PBXFileReference; lastKnownFileType = sourcecode.swift; path = ReplyStore.swift; sourceTree = "<group>"; };
		6178EBE32A8EEF5B00962B5F /* Stickers.app */ = {isa = PBXFileReference; explicitFileType = wrapper.application; includeInIndex = 0; path = Stickers.app; sourceTree = BUILT_PRODUCTS_DIR; };
		6178EBE62A8EEF5B00962B5F /* StickersApp.swift */ = {isa = PBXFileReference; lastKnownFileType = sourcecode.swift; path = StickersApp.swift; sourceTree = "<group>"; };
		6178EBE82A8EEF5B00962B5F /* ContentView.swift */ = {isa = PBXFileReference; lastKnownFileType = sourcecode.swift; path = ContentView.swift; sourceTree = "<group>"; };
		6178EBEA2A8EEF5B00962B5F /* Assets.xcassets */ = {isa = PBXFileReference; lastKnownFileType = folder.assetcatalog; path = Assets.xcassets; sourceTree = "<group>"; };
		6178EBED2A8EEF5B00962B5F /* Preview Assets.xcassets */ = {isa = PBXFileReference; lastKnownFileType = folder.assetcatalog; path = "Preview Assets.xcassets"; sourceTree = "<group>"; };
		6178EBF32A8EEF5C00962B5F /* StickersTests.xctest */ = {isa = PBXFileReference; explicitFileType = wrapper.cfbundle; includeInIndex = 0; path = StickersTests.xctest; sourceTree = BUILT_PRODUCTS_DIR; };
		6178EBF72A8EEF5C00962B5F /* StickersTests.swift */ = {isa = PBXFileReference; lastKnownFileType = sourcecode.swift; path = StickersTests.swift; sourceTree = "<group>"; };
		6178EBFD2A8EEF5C00962B5F /* StickersUITests.xctest */ = {isa = PBXFileReference; explicitFileType = wrapper.cfbundle; includeInIndex = 0; path = StickersUITests.xctest; sourceTree = BUILT_PRODUCTS_DIR; };
		6178EC012A8EEF5C00962B5F /* StickersUITests.swift */ = {isa = PBXFileReference; lastKnownFileType = sourcecode.swift; path = StickersUITests.swift; sourceTree = "<group>"; };
		6178EC032A8EEF5C00962B5F /* StickersUITestsLaunchTests.swift */ = {isa = PBXFileReference; lastKnownFileType = sourcecode.swift; path = StickersUITestsLaunchTests.swift; sourceTree = "<group>"; };
		6178EC102A8EEFCB00962B5F /* GoogleService-Info.plist */ = {isa = PBXFileReference; fileEncoding = 4; lastKnownFileType = text.plist.xml; path = "GoogleService-Info.plist"; sourceTree = "<group>"; };
		6178EC1B2A8EF1EA00962B5F /* Sticker.swift */ = {isa = PBXFileReference; lastKnownFileType = sourcecode.swift; path = Sticker.swift; sourceTree = "<group>"; };
		6178EC1D2A8EF40500962B5F /* StickerStore.swift */ = {isa = PBXFileReference; lastKnownFileType = sourcecode.swift; path = StickerStore.swift; sourceTree = "<group>"; };
		6178EC1F2A8EF62000962B5F /* StickerListView.swift */ = {isa = PBXFileReference; lastKnownFileType = sourcecode.swift; path = StickerListView.swift; sourceTree = "<group>"; };
		6178EC222A8EF72B00962B5F /* StickerCellView.swift */ = {isa = PBXFileReference; lastKnownFileType = sourcecode.swift; path = StickerCellView.swift; sourceTree = "<group>"; };
/* End PBXFileReference section */

/* Begin PBXFrameworksBuildPhase section */
		6178EBE02A8EEF5B00962B5F /* Frameworks */ = {
			isa = PBXFrameworksBuildPhase;
			buildActionMask = 2147483647;
			files = (
				6178EC142A8EF01600962B5F /* FirebaseDatabase in Frameworks */,
				6178EC162A8EF01600962B5F /* FirebaseFirestore in Frameworks */,
			);
			runOnlyForDeploymentPostprocessing = 0;
		};
		6178EBF02A8EEF5C00962B5F /* Frameworks */ = {
			isa = PBXFrameworksBuildPhase;
			buildActionMask = 2147483647;
			files = (
			);
			runOnlyForDeploymentPostprocessing = 0;
		};
		6178EBFA2A8EEF5C00962B5F /* Frameworks */ = {
			isa = PBXFrameworksBuildPhase;
			buildActionMask = 2147483647;
			files = (
			);
			runOnlyForDeploymentPostprocessing = 0;
		};
/* End PBXFrameworksBuildPhase section */

/* Begin PBXGroup section */
		6178EBDA2A8EEF5B00962B5F = {
			isa = PBXGroup;
			children = (
				6178EBE52A8EEF5B00962B5F /* Stickers */,
				6178EBF62A8EEF5C00962B5F /* StickersTests */,
				6178EC002A8EEF5C00962B5F /* StickersUITests */,
				6178EBE42A8EEF5B00962B5F /* Products */,
			);
			sourceTree = "<group>";
		};
		6178EBE42A8EEF5B00962B5F /* Products */ = {
			isa = PBXGroup;
			children = (
				6178EBE32A8EEF5B00962B5F /* Stickers.app */,
				6178EBF32A8EEF5C00962B5F /* StickersTests.xctest */,
				6178EBFD2A8EEF5C00962B5F /* StickersUITests.xctest */,
			);
			name = Products;
			sourceTree = "<group>";
		};
		6178EBE52A8EEF5B00962B5F /* Stickers */ = {
			isa = PBXGroup;
			children = (
				6178EC182A8EF1C600962B5F /* View */,
				6178EC172A8EF1C000962B5F /* Model */,
				6178EC102A8EEFCB00962B5F /* GoogleService-Info.plist */,
				6178EBE62A8EEF5B00962B5F /* StickersApp.swift */,
				6178EBEA2A8EEF5B00962B5F /* Assets.xcassets */,
				6178EBEC2A8EEF5B00962B5F /* Preview Content */,
			);
			path = Stickers;
			sourceTree = "<group>";
		};
		6178EBEC2A8EEF5B00962B5F /* Preview Content */ = {
			isa = PBXGroup;
			children = (
				6178EBED2A8EEF5B00962B5F /* Preview Assets.xcassets */,
			);
			path = "Preview Content";
			sourceTree = "<group>";
		};
		6178EBF62A8EEF5C00962B5F /* StickersTests */ = {
			isa = PBXGroup;
			children = (
				6178EBF72A8EEF5C00962B5F /* StickersTests.swift */,
			);
			path = StickersTests;
			sourceTree = "<group>";
		};
		6178EC002A8EEF5C00962B5F /* StickersUITests */ = {
			isa = PBXGroup;
			children = (
				6178EC012A8EEF5C00962B5F /* StickersUITests.swift */,
				6178EC032A8EEF5C00962B5F /* StickersUITestsLaunchTests.swift */,
			);
			path = StickersUITests;
			sourceTree = "<group>";
		};
		6178EC172A8EF1C000962B5F /* Model */ = {
			isa = PBXGroup;
			children = (
				6178EC1B2A8EF1EA00962B5F /* Sticker.swift */,
				6178EC1D2A8EF40500962B5F /* StickerStore.swift */,
				6176E03A2A8F092500F87272 /* Reply.swift */,
				6176E03C2A8F09CD00F87272 /* ReplyStore.swift */,
			);
			path = Model;
			sourceTree = "<group>";
		};
		6178EC182A8EF1C600962B5F /* View */ = {
			isa = PBXGroup;
			children = (
				6178EBE82A8EEF5B00962B5F /* ContentView.swift */,
				6178EC1F2A8EF62000962B5F /* StickerListView.swift */,
				6176E0362A8EFDED00F87272 /* AddingStickerView.swift */,
				6178EC212A8EF71A00962B5F /* SubView */,
			);
			path = View;
			sourceTree = "<group>";
		};
		6178EC212A8EF71A00962B5F /* SubView */ = {
			isa = PBXGroup;
			children = (
				6178EC222A8EF72B00962B5F /* StickerCellView.swift */,
				6176E0382A8F049200F87272 /* StickerDetailView.swift */,
			);
			path = SubView;
			sourceTree = "<group>";
		};
/* End PBXGroup section */

/* Begin PBXNativeTarget section */
		6178EBE22A8EEF5B00962B5F /* Stickers */ = {
			isa = PBXNativeTarget;
			buildConfigurationList = 6178EC072A8EEF5C00962B5F /* Build configuration list for PBXNativeTarget "Stickers" */;
			buildPhases = (
				6178EBDF2A8EEF5B00962B5F /* Sources */,
				6178EBE02A8EEF5B00962B5F /* Frameworks */,
				6178EBE12A8EEF5B00962B5F /* Resources */,
			);
			buildRules = (
			);
			dependencies = (
			);
			name = Stickers;
			packageProductDependencies = (
				6178EC132A8EF01600962B5F /* FirebaseDatabase */,
				6178EC152A8EF01600962B5F /* FirebaseFirestore */,
			);
			productName = Stickers;
			productReference = 6178EBE32A8EEF5B00962B5F /* Stickers.app */;
			productType = "com.apple.product-type.application";
		};
		6178EBF22A8EEF5C00962B5F /* StickersTests */ = {
			isa = PBXNativeTarget;
			buildConfigurationList = 6178EC0A2A8EEF5C00962B5F /* Build configuration list for PBXNativeTarget "StickersTests" */;
			buildPhases = (
				6178EBEF2A8EEF5C00962B5F /* Sources */,
				6178EBF02A8EEF5C00962B5F /* Frameworks */,
				6178EBF12A8EEF5C00962B5F /* Resources */,
			);
			buildRules = (
			);
			dependencies = (
				6178EBF52A8EEF5C00962B5F /* PBXTargetDependency */,
			);
			name = StickersTests;
			productName = StickersTests;
			productReference = 6178EBF32A8EEF5C00962B5F /* StickersTests.xctest */;
			productType = "com.apple.product-type.bundle.unit-test";
		};
		6178EBFC2A8EEF5C00962B5F /* StickersUITests */ = {
			isa = PBXNativeTarget;
			buildConfigurationList = 6178EC0D2A8EEF5C00962B5F /* Build configuration list for PBXNativeTarget "StickersUITests" */;
			buildPhases = (
				6178EBF92A8EEF5C00962B5F /* Sources */,
				6178EBFA2A8EEF5C00962B5F /* Frameworks */,
				6178EBFB2A8EEF5C00962B5F /* Resources */,
			);
			buildRules = (
			);
			dependencies = (
				6178EBFF2A8EEF5C00962B5F /* PBXTargetDependency */,
			);
			name = StickersUITests;
			productName = StickersUITests;
			productReference = 6178EBFD2A8EEF5C00962B5F /* StickersUITests.xctest */;
			productType = "com.apple.product-type.bundle.ui-testing";
		};
/* End PBXNativeTarget section */

/* Begin PBXProject section */
		6178EBDB2A8EEF5B00962B5F /* Project object */ = {
			isa = PBXProject;
			attributes = {
				BuildIndependentTargetsInParallel = 1;
				LastSwiftUpdateCheck = 1430;
				LastUpgradeCheck = 1430;
				TargetAttributes = {
					6178EBE22A8EEF5B00962B5F = {
						CreatedOnToolsVersion = 14.3.1;
					};
					6178EBF22A8EEF5C00962B5F = {
						CreatedOnToolsVersion = 14.3.1;
						TestTargetID = 6178EBE22A8EEF5B00962B5F;
					};
					6178EBFC2A8EEF5C00962B5F = {
						CreatedOnToolsVersion = 14.3.1;
						TestTargetID = 6178EBE22A8EEF5B00962B5F;
					};
				};
			};
			buildConfigurationList = 6178EBDE2A8EEF5B00962B5F /* Build configuration list for PBXProject "Stickers" */;
			compatibilityVersion = "Xcode 14.0";
			developmentRegion = en;
			hasScannedForEncodings = 0;
			knownRegions = (
				en,
				Base,
			);
			mainGroup = 6178EBDA2A8EEF5B00962B5F;
			packageReferences = (
				6178EC122A8EF01600962B5F /* XCRemoteSwiftPackageReference "firebase-ios-sdk" */,
			);
			productRefGroup = 6178EBE42A8EEF5B00962B5F /* Products */;
			projectDirPath = "";
			projectRoot = "";
			targets = (
				6178EBE22A8EEF5B00962B5F /* Stickers */,
				6178EBF22A8EEF5C00962B5F /* StickersTests */,
				6178EBFC2A8EEF5C00962B5F /* StickersUITests */,
			);
		};
/* End PBXProject section */

/* Begin PBXResourcesBuildPhase section */
		6178EBE12A8EEF5B00962B5F /* Resources */ = {
			isa = PBXResourcesBuildPhase;
			buildActionMask = 2147483647;
			files = (
				6178EBEE2A8EEF5B00962B5F /* Preview Assets.xcassets in Resources */,
				6178EBEB2A8EEF5B00962B5F /* Assets.xcassets in Resources */,
				6178EC112A8EEFCB00962B5F /* GoogleService-Info.plist in Resources */,
			);
			runOnlyForDeploymentPostprocessing = 0;
		};
		6178EBF12A8EEF5C00962B5F /* Resources */ = {
			isa = PBXResourcesBuildPhase;
			buildActionMask = 2147483647;
			files = (
			);
			runOnlyForDeploymentPostprocessing = 0;
		};
		6178EBFB2A8EEF5C00962B5F /* Resources */ = {
			isa = PBXResourcesBuildPhase;
			buildActionMask = 2147483647;
			files = (
			);
			runOnlyForDeploymentPostprocessing = 0;
		};
/* End PBXResourcesBuildPhase section */

/* Begin PBXSourcesBuildPhase section */
		6178EBDF2A8EEF5B00962B5F /* Sources */ = {
			isa = PBXSourcesBuildPhase;
			buildActionMask = 2147483647;
			files = (
				6176E03B2A8F092500F87272 /* Reply.swift in Sources */,
				6176E0372A8EFDED00F87272 /* AddingStickerView.swift in Sources */,
				6178EC232A8EF72B00962B5F /* StickerCellView.swift in Sources */,
				6178EBE92A8EEF5B00962B5F /* ContentView.swift in Sources */,
				6178EC202A8EF62000962B5F /* StickerListView.swift in Sources */,
				6178EC1C2A8EF1EA00962B5F /* Sticker.swift in Sources */,
				6176E0392A8F049200F87272 /* StickerDetailView.swift in Sources */,
				6178EBE72A8EEF5B00962B5F /* StickersApp.swift in Sources */,
				6176E03D2A8F09CD00F87272 /* ReplyStore.swift in Sources */,
				6178EC1E2A8EF40500962B5F /* StickerStore.swift in Sources */,
			);
			runOnlyForDeploymentPostprocessing = 0;
		};
		6178EBEF2A8EEF5C00962B5F /* Sources */ = {
			isa = PBXSourcesBuildPhase;
			buildActionMask = 2147483647;
			files = (
				6178EBF82A8EEF5C00962B5F /* StickersTests.swift in Sources */,
			);
			runOnlyForDeploymentPostprocessing = 0;
		};
		6178EBF92A8EEF5C00962B5F /* Sources */ = {
			isa = PBXSourcesBuildPhase;
			buildActionMask = 2147483647;
			files = (
				6178EC042A8EEF5C00962B5F /* StickersUITestsLaunchTests.swift in Sources */,
				6178EC022A8EEF5C00962B5F /* StickersUITests.swift in Sources */,
			);
			runOnlyForDeploymentPostprocessing = 0;
		};
/* End PBXSourcesBuildPhase section */

/* Begin PBXTargetDependency section */
		6178EBF52A8EEF5C00962B5F /* PBXTargetDependency */ = {
			isa = PBXTargetDependency;
			target = 6178EBE22A8EEF5B00962B5F /* Stickers */;
			targetProxy = 6178EBF42A8EEF5C00962B5F /* PBXContainerItemProxy */;
		};
		6178EBFF2A8EEF5C00962B5F /* PBXTargetDependency */ = {
			isa = PBXTargetDependency;
			target = 6178EBE22A8EEF5B00962B5F /* Stickers */;
			targetProxy = 6178EBFE2A8EEF5C00962B5F /* PBXContainerItemProxy */;
		};
/* End PBXTargetDependency section */

/* Begin XCBuildConfiguration section */
		6178EC052A8EEF5C00962B5F /* Debug */ = {
			isa = XCBuildConfiguration;
			buildSettings = {
				ALWAYS_SEARCH_USER_PATHS = NO;
				CLANG_ANALYZER_NONNULL = YES;
				CLANG_ANALYZER_NUMBER_OBJECT_CONVERSION = YES_AGGRESSIVE;
				CLANG_CXX_LANGUAGE_STANDARD = "gnu++20";
				CLANG_ENABLE_MODULES = YES;
				CLANG_ENABLE_OBJC_ARC = YES;
				CLANG_ENABLE_OBJC_WEAK = YES;
				CLANG_WARN_BLOCK_CAPTURE_AUTORELEASING = YES;
				CLANG_WARN_BOOL_CONVERSION = YES;
				CLANG_WARN_COMMA = YES;
				CLANG_WARN_CONSTANT_CONVERSION = YES;
				CLANG_WARN_DEPRECATED_OBJC_IMPLEMENTATIONS = YES;
				CLANG_WARN_DIRECT_OBJC_ISA_USAGE = YES_ERROR;
				CLANG_WARN_DOCUMENTATION_COMMENTS = YES;
				CLANG_WARN_EMPTY_BODY = YES;
				CLANG_WARN_ENUM_CONVERSION = YES;
				CLANG_WARN_INFINITE_RECURSION = YES;
				CLANG_WARN_INT_CONVERSION = YES;
				CLANG_WARN_NON_LITERAL_NULL_CONVERSION = YES;
				CLANG_WARN_OBJC_IMPLICIT_RETAIN_SELF = YES;
				CLANG_WARN_OBJC_LITERAL_CONVERSION = YES;
				CLANG_WARN_OBJC_ROOT_CLASS = YES_ERROR;
				CLANG_WARN_QUOTED_INCLUDE_IN_FRAMEWORK_HEADER = YES;
				CLANG_WARN_RANGE_LOOP_ANALYSIS = YES;
				CLANG_WARN_STRICT_PROTOTYPES = YES;
				CLANG_WARN_SUSPICIOUS_MOVE = YES;
				CLANG_WARN_UNGUARDED_AVAILABILITY = YES_AGGRESSIVE;
				CLANG_WARN_UNREACHABLE_CODE = YES;
				CLANG_WARN__DUPLICATE_METHOD_MATCH = YES;
				COPY_PHASE_STRIP = NO;
				DEBUG_INFORMATION_FORMAT = dwarf;
				ENABLE_STRICT_OBJC_MSGSEND = YES;
				ENABLE_TESTABILITY = YES;
				GCC_C_LANGUAGE_STANDARD = gnu11;
				GCC_DYNAMIC_NO_PIC = NO;
				GCC_NO_COMMON_BLOCKS = YES;
				GCC_OPTIMIZATION_LEVEL = 0;
				GCC_PREPROCESSOR_DEFINITIONS = (
					"DEBUG=1",
					"$(inherited)",
				);
				GCC_WARN_64_TO_32_BIT_CONVERSION = YES;
				GCC_WARN_ABOUT_RETURN_TYPE = YES_ERROR;
				GCC_WARN_UNDECLARED_SELECTOR = YES;
				GCC_WARN_UNINITIALIZED_AUTOS = YES_AGGRESSIVE;
				GCC_WARN_UNUSED_FUNCTION = YES;
				GCC_WARN_UNUSED_VARIABLE = YES;
				IPHONEOS_DEPLOYMENT_TARGET = 16.4;
				MTL_ENABLE_DEBUG_INFO = INCLUDE_SOURCE;
				MTL_FAST_MATH = YES;
				ONLY_ACTIVE_ARCH = YES;
				SDKROOT = iphoneos;
				SWIFT_ACTIVE_COMPILATION_CONDITIONS = DEBUG;
				SWIFT_OPTIMIZATION_LEVEL = "-Onone";
			};
			name = Debug;
		};
		6178EC062A8EEF5C00962B5F /* Release */ = {
			isa = XCBuildConfiguration;
			buildSettings = {
				ALWAYS_SEARCH_USER_PATHS = NO;
				CLANG_ANALYZER_NONNULL = YES;
				CLANG_ANALYZER_NUMBER_OBJECT_CONVERSION = YES_AGGRESSIVE;
				CLANG_CXX_LANGUAGE_STANDARD = "gnu++20";
				CLANG_ENABLE_MODULES = YES;
				CLANG_ENABLE_OBJC_ARC = YES;
				CLANG_ENABLE_OBJC_WEAK = YES;
				CLANG_WARN_BLOCK_CAPTURE_AUTORELEASING = YES;
				CLANG_WARN_BOOL_CONVERSION = YES;
				CLANG_WARN_COMMA = YES;
				CLANG_WARN_CONSTANT_CONVERSION = YES;
				CLANG_WARN_DEPRECATED_OBJC_IMPLEMENTATIONS = YES;
				CLANG_WARN_DIRECT_OBJC_ISA_USAGE = YES_ERROR;
				CLANG_WARN_DOCUMENTATION_COMMENTS = YES;
				CLANG_WARN_EMPTY_BODY = YES;
				CLANG_WARN_ENUM_CONVERSION = YES;
				CLANG_WARN_INFINITE_RECURSION = YES;
				CLANG_WARN_INT_CONVERSION = YES;
				CLANG_WARN_NON_LITERAL_NULL_CONVERSION = YES;
				CLANG_WARN_OBJC_IMPLICIT_RETAIN_SELF = YES;
				CLANG_WARN_OBJC_LITERAL_CONVERSION = YES;
				CLANG_WARN_OBJC_ROOT_CLASS = YES_ERROR;
				CLANG_WARN_QUOTED_INCLUDE_IN_FRAMEWORK_HEADER = YES;
				CLANG_WARN_RANGE_LOOP_ANALYSIS = YES;
				CLANG_WARN_STRICT_PROTOTYPES = YES;
				CLANG_WARN_SUSPICIOUS_MOVE = YES;
				CLANG_WARN_UNGUARDED_AVAILABILITY = YES_AGGRESSIVE;
				CLANG_WARN_UNREACHABLE_CODE = YES;
				CLANG_WARN__DUPLICATE_METHOD_MATCH = YES;
				COPY_PHASE_STRIP = NO;
				DEBUG_INFORMATION_FORMAT = "dwarf-with-dsym";
				ENABLE_NS_ASSERTIONS = NO;
				ENABLE_STRICT_OBJC_MSGSEND = YES;
				GCC_C_LANGUAGE_STANDARD = gnu11;
				GCC_NO_COMMON_BLOCKS = YES;
				GCC_WARN_64_TO_32_BIT_CONVERSION = YES;
				GCC_WARN_ABOUT_RETURN_TYPE = YES_ERROR;
				GCC_WARN_UNDECLARED_SELECTOR = YES;
				GCC_WARN_UNINITIALIZED_AUTOS = YES_AGGRESSIVE;
				GCC_WARN_UNUSED_FUNCTION = YES;
				GCC_WARN_UNUSED_VARIABLE = YES;
				IPHONEOS_DEPLOYMENT_TARGET = 16.4;
				MTL_ENABLE_DEBUG_INFO = NO;
				MTL_FAST_MATH = YES;
				SDKROOT = iphoneos;
				SWIFT_COMPILATION_MODE = wholemodule;
				SWIFT_OPTIMIZATION_LEVEL = "-O";
				VALIDATE_PRODUCT = YES;
			};
			name = Release;
		};
		6178EC082A8EEF5C00962B5F /* Debug */ = {
			isa = XCBuildConfiguration;
			buildSettings = {
				ASSETCATALOG_COMPILER_APPICON_NAME = AppIcon;
				ASSETCATALOG_COMPILER_GLOBAL_ACCENT_COLOR_NAME = AccentColor;
				CODE_SIGN_STYLE = Automatic;
				CURRENT_PROJECT_VERSION = 1;
				DEVELOPMENT_ASSET_PATHS = "\"Stickers/Preview Content\"";
				ENABLE_PREVIEWS = YES;
				GENERATE_INFOPLIST_FILE = YES;
				INFOPLIST_KEY_UIApplicationSceneManifest_Generation = YES;
				INFOPLIST_KEY_UIApplicationSupportsIndirectInputEvents = YES;
				INFOPLIST_KEY_UILaunchScreen_Generation = YES;
				INFOPLIST_KEY_UISupportedInterfaceOrientations_iPad = "UIInterfaceOrientationPortrait UIInterfaceOrientationPortraitUpsideDown UIInterfaceOrientationLandscapeLeft UIInterfaceOrientationLandscapeRight";
				INFOPLIST_KEY_UISupportedInterfaceOrientations_iPhone = "UIInterfaceOrientationPortrait UIInterfaceOrientationLandscapeLeft UIInterfaceOrientationLandscapeRight";
				LD_RUNPATH_SEARCH_PATHS = (
					"$(inherited)",
					"@executable_path/Frameworks",
				);
				MARKETING_VERSION = 1.0;
				PRODUCT_BUNDLE_IDENTIFIER = com.deblur.Stickers;
				PRODUCT_NAME = "$(TARGET_NAME)";
				SWIFT_EMIT_LOC_STRINGS = YES;
				SWIFT_VERSION = 5.0;
				TARGETED_DEVICE_FAMILY = "1,2";
			};
			name = Debug;
		};
		6178EC092A8EEF5C00962B5F /* Release */ = {
			isa = XCBuildConfiguration;
			buildSettings = {
				ASSETCATALOG_COMPILER_APPICON_NAME = AppIcon;
				ASSETCATALOG_COMPILER_GLOBAL_ACCENT_COLOR_NAME = AccentColor;
				CODE_SIGN_STYLE = Automatic;
				CURRENT_PROJECT_VERSION = 1;
				DEVELOPMENT_ASSET_PATHS = "\"Stickers/Preview Content\"";
				ENABLE_PREVIEWS = YES;
				GENERATE_INFOPLIST_FILE = YES;
				INFOPLIST_KEY_UIApplicationSceneManifest_Generation = YES;
				INFOPLIST_KEY_UIApplicationSupportsIndirectInputEvents = YES;
				INFOPLIST_KEY_UILaunchScreen_Generation = YES;
				INFOPLIST_KEY_UISupportedInterfaceOrientations_iPad = "UIInterfaceOrientationPortrait UIInterfaceOrientationPortraitUpsideDown UIInterfaceOrientationLandscapeLeft UIInterfaceOrientationLandscapeRight";
				INFOPLIST_KEY_UISupportedInterfaceOrientations_iPhone = "UIInterfaceOrientationPortrait UIInterfaceOrientationLandscapeLeft UIInterfaceOrientationLandscapeRight";
				LD_RUNPATH_SEARCH_PATHS = (
					"$(inherited)",
					"@executable_path/Frameworks",
				);
				MARKETING_VERSION = 1.0;
				PRODUCT_BUNDLE_IDENTIFIER = com.deblur.Stickers;
				PRODUCT_NAME = "$(TARGET_NAME)";
				SWIFT_EMIT_LOC_STRINGS = YES;
				SWIFT_VERSION = 5.0;
				TARGETED_DEVICE_FAMILY = "1,2";
			};
			name = Release;
		};
		6178EC0B2A8EEF5C00962B5F /* Debug */ = {
			isa = XCBuildConfiguration;
			buildSettings = {
				ALWAYS_EMBED_SWIFT_STANDARD_LIBRARIES = YES;
				BUNDLE_LOADER = "$(TEST_HOST)";
				CODE_SIGN_STYLE = Automatic;
				CURRENT_PROJECT_VERSION = 1;
				GENERATE_INFOPLIST_FILE = YES;
				IPHONEOS_DEPLOYMENT_TARGET = 16.4;
				MARKETING_VERSION = 1.0;
				PRODUCT_BUNDLE_IDENTIFIER = com.deblur.StickersTests;
				PRODUCT_NAME = "$(TARGET_NAME)";
				SWIFT_EMIT_LOC_STRINGS = NO;
				SWIFT_VERSION = 5.0;
				TARGETED_DEVICE_FAMILY = "1,2";
				TEST_HOST = "$(BUILT_PRODUCTS_DIR)/Stickers.app/$(BUNDLE_EXECUTABLE_FOLDER_PATH)/Stickers";
			};
			name = Debug;
		};
		6178EC0C2A8EEF5C00962B5F /* Release */ = {
			isa = XCBuildConfiguration;
			buildSettings = {
				ALWAYS_EMBED_SWIFT_STANDARD_LIBRARIES = YES;
				BUNDLE_LOADER = "$(TEST_HOST)";
				CODE_SIGN_STYLE = Automatic;
				CURRENT_PROJECT_VERSION = 1;
				GENERATE_INFOPLIST_FILE = YES;
				IPHONEOS_DEPLOYMENT_TARGET = 16.4;
				MARKETING_VERSION = 1.0;
				PRODUCT_BUNDLE_IDENTIFIER = com.deblur.StickersTests;
				PRODUCT_NAME = "$(TARGET_NAME)";
				SWIFT_EMIT_LOC_STRINGS = NO;
				SWIFT_VERSION = 5.0;
				TARGETED_DEVICE_FAMILY = "1,2";
				TEST_HOST = "$(BUILT_PRODUCTS_DIR)/Stickers.app/$(BUNDLE_EXECUTABLE_FOLDER_PATH)/Stickers";
			};
			name = Release;
		};
		6178EC0E2A8EEF5C00962B5F /* Debug */ = {
			isa = XCBuildConfiguration;
			buildSettings = {
				ALWAYS_EMBED_SWIFT_STANDARD_LIBRARIES = YES;
				CODE_SIGN_STYLE = Automatic;
				CURRENT_PROJECT_VERSION = 1;
				GENERATE_INFOPLIST_FILE = YES;
				MARKETING_VERSION = 1.0;
				PRODUCT_BUNDLE_IDENTIFIER = com.deblur.StickersUITests;
				PRODUCT_NAME = "$(TARGET_NAME)";
				SWIFT_EMIT_LOC_STRINGS = NO;
				SWIFT_VERSION = 5.0;
				TARGETED_DEVICE_FAMILY = "1,2";
				TEST_TARGET_NAME = Stickers;
			};
			name = Debug;
		};
		6178EC0F2A8EEF5C00962B5F /* Release */ = {
			isa = XCBuildConfiguration;
			buildSettings = {
				ALWAYS_EMBED_SWIFT_STANDARD_LIBRARIES = YES;
				CODE_SIGN_STYLE = Automatic;
				CURRENT_PROJECT_VERSION = 1;
				GENERATE_INFOPLIST_FILE = YES;
				MARKETING_VERSION = 1.0;
				PRODUCT_BUNDLE_IDENTIFIER = com.deblur.StickersUITests;
				PRODUCT_NAME = "$(TARGET_NAME)";
				SWIFT_EMIT_LOC_STRINGS = NO;
				SWIFT_VERSION = 5.0;
				TARGETED_DEVICE_FAMILY = "1,2";
				TEST_TARGET_NAME = Stickers;
			};
			name = Release;
		};
/* End XCBuildConfiguration section */

/* Begin XCConfigurationList section */
		6178EBDE2A8EEF5B00962B5F /* Build configuration list for PBXProject "Stickers" */ = {
			isa = XCConfigurationList;
			buildConfigurations = (
				6178EC052A8EEF5C00962B5F /* Debug */,
				6178EC062A8EEF5C00962B5F /* Release */,
			);
			defaultConfigurationIsVisible = 0;
			defaultConfigurationName = Release;
		};
		6178EC072A8EEF5C00962B5F /* Build configuration list for PBXNativeTarget "Stickers" */ = {
			isa = XCConfigurationList;
			buildConfigurations = (
				6178EC082A8EEF5C00962B5F /* Debug */,
				6178EC092A8EEF5C00962B5F /* Release */,
			);
			defaultConfigurationIsVisible = 0;
			defaultConfigurationName = Release;
		};
		6178EC0A2A8EEF5C00962B5F /* Build configuration list for PBXNativeTarget "StickersTests" */ = {
			isa = XCConfigurationList;
			buildConfigurations = (
				6178EC0B2A8EEF5C00962B5F /* Debug */,
				6178EC0C2A8EEF5C00962B5F /* Release */,
			);
			defaultConfigurationIsVisible = 0;
			defaultConfigurationName = Release;
		};
		6178EC0D2A8EEF5C00962B5F /* Build configuration list for PBXNativeTarget "StickersUITests" */ = {
			isa = XCConfigurationList;
			buildConfigurations = (
				6178EC0E2A8EEF5C00962B5F /* Debug */,
				6178EC0F2A8EEF5C00962B5F /* Release */,
			);
			defaultConfigurationIsVisible = 0;
			defaultConfigurationName = Release;
		};
/* End XCConfigurationList section */

/* Begin XCRemoteSwiftPackageReference section */
		6178EC122A8EF01600962B5F /* XCRemoteSwiftPackageReference "firebase-ios-sdk" */ = {
			isa = XCRemoteSwiftPackageReference;
			repositoryURL = "https://github.com/firebase/firebase-ios-sdk";
			requirement = {
				kind = upToNextMajorVersion;
				minimumVersion = 10.0.0;
			};
		};
/* End XCRemoteSwiftPackageReference section */

/* Begin XCSwiftPackageProductDependency section */
		6178EC132A8EF01600962B5F /* FirebaseDatabase */ = {
			isa = XCSwiftPackageProductDependency;
			package = 6178EC122A8EF01600962B5F /* XCRemoteSwiftPackageReference "firebase-ios-sdk" */;
			productName = FirebaseDatabase;
		};
		6178EC152A8EF01600962B5F /* FirebaseFirestore */ = {
			isa = XCSwiftPackageProductDependency;
			package = 6178EC122A8EF01600962B5F /* XCRemoteSwiftPackageReference "firebase-ios-sdk" */;
			productName = FirebaseFirestore;
		};
/* End XCSwiftPackageProductDependency section */
	};
	rootObject = 6178EBDB2A8EEF5B00962B5F /* Project object */;
}
